// !$*UTF8*$!
{
	archiveVersion = 1;
	classes = {
	};
	objectVersion = 55;
	objects = {

/* Begin PBXBuildFile section */
		771F8EE6285BC90300908EE6 /* TreatmentViewController.swift in Sources */ = {isa = PBXBuildFile; fileRef = 771F8EE5285BC90300908EE6 /* TreatmentViewController.swift */; };
		771F8EE9285BCA7F00908EE6 /* TreatmentModel.swift in Sources */ = {isa = PBXBuildFile; fileRef = 771F8EE8285BCA7F00908EE6 /* TreatmentModel.swift */; };
		7783113A285145D10016EE99 /* GroupsViewController.swift in Sources */ = {isa = PBXBuildFile; fileRef = 77831139285145D10016EE99 /* GroupsViewController.swift */; };
		7783113D285147240016EE99 /* GroupsData.swift in Sources */ = {isa = PBXBuildFile; fileRef = 7783113C285147240016EE99 /* GroupsData.swift */; };
		7783113F285147D80016EE99 /* GroupsModel.swift in Sources */ = {isa = PBXBuildFile; fileRef = 7783113E285147D80016EE99 /* GroupsModel.swift */; };
		77831142285148060016EE99 /* GroupsManager.swift in Sources */ = {isa = PBXBuildFile; fileRef = 77831141285148060016EE99 /* GroupsManager.swift */; };
		77831146285297490016EE99 /* OrgsData.swift in Sources */ = {isa = PBXBuildFile; fileRef = 77831145285297490016EE99 /* OrgsData.swift */; };
		7783114A2852984E0016EE99 /* OrgsModel.swift in Sources */ = {isa = PBXBuildFile; fileRef = 778311492852984E0016EE99 /* OrgsModel.swift */; };
		7783114C285298720016EE99 /* OrgsManager.swift in Sources */ = {isa = PBXBuildFile; fileRef = 7783114B285298720016EE99 /* OrgsManager.swift */; };
		7783114E2852A3160016EE99 /* OrgsViewController.swift in Sources */ = {isa = PBXBuildFile; fileRef = 7783114D2852A3150016EE99 /* OrgsViewController.swift */; };
		778311512853C2010016EE99 /* PositionsViewController.swift in Sources */ = {isa = PBXBuildFile; fileRef = 778311502853C2010016EE99 /* PositionsViewController.swift */; };
		778311542853C28E0016EE99 /* PositionData.swift in Sources */ = {isa = PBXBuildFile; fileRef = 778311532853C28E0016EE99 /* PositionData.swift */; };
		778311562853C2BE0016EE99 /* PositionModel.swift in Sources */ = {isa = PBXBuildFile; fileRef = 778311552853C2BE0016EE99 /* PositionModel.swift */; };
		778311582853CF120016EE99 /* PositionManager.swift in Sources */ = {isa = PBXBuildFile; fileRef = 778311572853CF110016EE99 /* PositionManager.swift */; };
		7783115C2853D3EC0016EE99 /* TableViewCell.swift in Sources */ = {isa = PBXBuildFile; fileRef = 7783115A2853D3EC0016EE99 /* TableViewCell.swift */; };
		7783115D2853D3EC0016EE99 /* TableViewCell.xib in Resources */ = {isa = PBXBuildFile; fileRef = 7783115B2853D3EC0016EE99 /* TableViewCell.xib */; };
		778311602853D5180016EE99 /* DocumentsViewController.swift in Sources */ = {isa = PBXBuildFile; fileRef = 7783115F2853D5180016EE99 /* DocumentsViewController.swift */; };
		778311632853D6570016EE99 /* DocumentsData.swift in Sources */ = {isa = PBXBuildFile; fileRef = 778311622853D6570016EE99 /* DocumentsData.swift */; };
		778311652853DA140016EE99 /* DocumentsModel.swift in Sources */ = {isa = PBXBuildFile; fileRef = 778311642853DA140016EE99 /* DocumentsModel.swift */; };
		778311672853DC620016EE99 /* DocumentsManager.swift in Sources */ = {isa = PBXBuildFile; fileRef = 778311662853DC620016EE99 /* DocumentsManager.swift */; };
		778311692853E9380016EE99 /* CreatePoistionViewController.swift in Sources */ = {isa = PBXBuildFile; fileRef = 778311682853E9380016EE99 /* CreatePoistionViewController.swift */; };
		7783116B2853FCAF0016EE99 /* SpecificDocumentViewController.swift in Sources */ = {isa = PBXBuildFile; fileRef = 7783116A2853FCAE0016EE99 /* SpecificDocumentViewController.swift */; };
		7783116D285400AA0016EE99 /* CreateGroupViewController.swift in Sources */ = {isa = PBXBuildFile; fileRef = 7783116C285400AA0016EE99 /* CreateGroupViewController.swift */; };
		7783116F285406AD0016EE99 /* SpecificPositionViewController.swift in Sources */ = {isa = PBXBuildFile; fileRef = 7783116E285406AD0016EE99 /* SpecificPositionViewController.swift */; };
		778DC4D3285BCD8B00B8EF7B /* SpecificTreatmentViewController.swift in Sources */ = {isa = PBXBuildFile; fileRef = 778DC4D2285BCD8B00B8EF7B /* SpecificTreatmentViewController.swift */; };
		778DC4D6285BE38A00B8EF7B /* ProfileViewController.swift in Sources */ = {isa = PBXBuildFile; fileRef = 778DC4D5285BE38A00B8EF7B /* ProfileViewController.swift */; };
		778DC4D9285BE63900B8EF7B /* ProfileManager.swift in Sources */ = {isa = PBXBuildFile; fileRef = 778DC4D8285BE63900B8EF7B /* ProfileManager.swift */; };
		778DC4DB285BE71100B8EF7B /* ProfileData.swift in Sources */ = {isa = PBXBuildFile; fileRef = 778DC4DA285BE71100B8EF7B /* ProfileData.swift */; };
		77BED9272854228800482EA9 /* PatientViewController.swift in Sources */ = {isa = PBXBuildFile; fileRef = 77BED9262854228800482EA9 /* PatientViewController.swift */; };
		77BED92A285422EC00482EA9 /* PatientData.swift in Sources */ = {isa = PBXBuildFile; fileRef = 77BED929285422EC00482EA9 /* PatientData.swift */; };
		77BED92C2854236500482EA9 /* PatientModel.swift in Sources */ = {isa = PBXBuildFile; fileRef = 77BED92B2854236500482EA9 /* PatientModel.swift */; };
		77BED92E2854237D00482EA9 /* PatientManager.swift in Sources */ = {isa = PBXBuildFile; fileRef = 77BED92D2854237D00482EA9 /* PatientManager.swift */; };
		77C0FFE72857FA08009FFDF3 /* CreatePatientViewController.swift in Sources */ = {isa = PBXBuildFile; fileRef = 77C0FFE62857FA08009FFDF3 /* CreatePatientViewController.swift */; };
		77C929E22821C06700A44BBD /* AppDelegate.swift in Sources */ = {isa = PBXBuildFile; fileRef = 77C929E12821C06700A44BBD /* AppDelegate.swift */; };
		77C929E42821C06700A44BBD /* SceneDelegate.swift in Sources */ = {isa = PBXBuildFile; fileRef = 77C929E32821C06700A44BBD /* SceneDelegate.swift */; };
		77C929E62821C06700A44BBD /* LoginViewController.swift in Sources */ = {isa = PBXBuildFile; fileRef = 77C929E52821C06700A44BBD /* LoginViewController.swift */; };
		77C929EC2821C06700A44BBD /* ois_ios.xcdatamodeld in Sources */ = {isa = PBXBuildFile; fileRef = 77C929EA2821C06700A44BBD /* ois_ios.xcdatamodeld */; };
		77C929EE2821C06900A44BBD /* Assets.xcassets in Resources */ = {isa = PBXBuildFile; fileRef = 77C929ED2821C06900A44BBD /* Assets.xcassets */; };
		77C929F12821C06900A44BBD /* LaunchScreen.storyboard in Resources */ = {isa = PBXBuildFile; fileRef = 77C929EF2821C06900A44BBD /* LaunchScreen.storyboard */; };
		77C929F92821C29300A44BBD /* Main.storyboard in Resources */ = {isa = PBXBuildFile; fileRef = 77C929F82821C29300A44BBD /* Main.storyboard */; };
		77C929FE2821C51500A44BBD /* LoginManager.swift in Sources */ = {isa = PBXBuildFile; fileRef = 77C929FD2821C51500A44BBD /* LoginManager.swift */; };
		77C92A002821C54C00A44BBD /* LoginData.swift in Sources */ = {isa = PBXBuildFile; fileRef = 77C929FF2821C54C00A44BBD /* LoginData.swift */; };
		77C92A022821C57E00A44BBD /* LoginModel.swift in Sources */ = {isa = PBXBuildFile; fileRef = 77C92A012821C57E00A44BBD /* LoginModel.swift */; };
		77C92A042821CA7600A44BBD /* JwtDecoder.swift in Sources */ = {isa = PBXBuildFile; fileRef = 77C92A032821CA7600A44BBD /* JwtDecoder.swift */; };
		77C92A062821CFBD00A44BBD /* RestoreAccessViewController.swift in Sources */ = {isa = PBXBuildFile; fileRef = 77C92A052821CFBD00A44BBD /* RestoreAccessViewController.swift */; };
		77C92A092822795100A44BBD /* MainScreen.swift in Sources */ = {isa = PBXBuildFile; fileRef = 77C92A082822795100A44BBD /* MainScreen.swift */; };
		77C92A0B2822799A00A44BBD /* Item.swift in Sources */ = {isa = PBXBuildFile; fileRef = 77C92A0A2822799A00A44BBD /* Item.swift */; };
		77DAE165284005FD005EE714 /* ListViewController.swift in Sources */ = {isa = PBXBuildFile; fileRef = 77DAE164284005FC005EE714 /* ListViewController.swift */; };
		77E471B72857FFE8009093AF /* SpecificPatientViewController.swift in Sources */ = {isa = PBXBuildFile; fileRef = 77E471B62857FFE8009093AF /* SpecificPatientViewController.swift */; };
		95734464DE2DF5DFE02EF5AA /* Pods_ois_ios.framework in Frameworks */ = {isa = PBXBuildFile; fileRef = 0B70254EE5B43BA4C3BEDA39 /* Pods_ois_ios.framework */; };
/* End PBXBuildFile section */

/* Begin PBXFileReference section */
		0B70254EE5B43BA4C3BEDA39 /* Pods_ois_ios.framework */ = {isa = PBXFileReference; explicitFileType = wrapper.framework; includeInIndex = 0; path = Pods_ois_ios.framework; sourceTree = BUILT_PRODUCTS_DIR; };
		5AC08506437C3EDC0DB22126 /* Pods-ois-ios.debug.xcconfig */ = {isa = PBXFileReference; includeInIndex = 1; lastKnownFileType = text.xcconfig; name = "Pods-ois-ios.debug.xcconfig"; path = "Target Support Files/Pods-ois-ios/Pods-ois-ios.debug.xcconfig"; sourceTree = "<group>"; };
		771F8EE5285BC90300908EE6 /* TreatmentViewController.swift */ = {isa = PBXFileReference; lastKnownFileType = sourcecode.swift; path = TreatmentViewController.swift; sourceTree = "<group>"; };
		771F8EE8285BCA7F00908EE6 /* TreatmentModel.swift */ = {isa = PBXFileReference; lastKnownFileType = sourcecode.swift; path = TreatmentModel.swift; sourceTree = "<group>"; };
		77831139285145D10016EE99 /* GroupsViewController.swift */ = {isa = PBXFileReference; lastKnownFileType = sourcecode.swift; path = GroupsViewController.swift; sourceTree = "<group>"; };
		7783113C285147240016EE99 /* GroupsData.swift */ = {isa = PBXFileReference; lastKnownFileType = sourcecode.swift; path = GroupsData.swift; sourceTree = "<group>"; };
		7783113E285147D80016EE99 /* GroupsModel.swift */ = {isa = PBXFileReference; lastKnownFileType = sourcecode.swift; path = GroupsModel.swift; sourceTree = "<group>"; };
		77831141285148060016EE99 /* GroupsManager.swift */ = {isa = PBXFileReference; lastKnownFileType = sourcecode.swift; path = GroupsManager.swift; sourceTree = "<group>"; };
		77831145285297490016EE99 /* OrgsData.swift */ = {isa = PBXFileReference; lastKnownFileType = sourcecode.swift; path = OrgsData.swift; sourceTree = "<group>"; };
		778311492852984E0016EE99 /* OrgsModel.swift */ = {isa = PBXFileReference; lastKnownFileType = sourcecode.swift; path = OrgsModel.swift; sourceTree = "<group>"; };
		7783114B285298720016EE99 /* OrgsManager.swift */ = {isa = PBXFileReference; lastKnownFileType = sourcecode.swift; path = OrgsManager.swift; sourceTree = "<group>"; };
		7783114D2852A3150016EE99 /* OrgsViewController.swift */ = {isa = PBXFileReference; lastKnownFileType = sourcecode.swift; path = OrgsViewController.swift; sourceTree = "<group>"; };
		778311502853C2010016EE99 /* PositionsViewController.swift */ = {isa = PBXFileReference; lastKnownFileType = sourcecode.swift; path = PositionsViewController.swift; sourceTree = "<group>"; };
		778311532853C28E0016EE99 /* PositionData.swift */ = {isa = PBXFileReference; lastKnownFileType = sourcecode.swift; path = PositionData.swift; sourceTree = "<group>"; };
		778311552853C2BE0016EE99 /* PositionModel.swift */ = {isa = PBXFileReference; lastKnownFileType = sourcecode.swift; path = PositionModel.swift; sourceTree = "<group>"; };
		778311572853CF110016EE99 /* PositionManager.swift */ = {isa = PBXFileReference; lastKnownFileType = sourcecode.swift; path = PositionManager.swift; sourceTree = "<group>"; };
		7783115A2853D3EC0016EE99 /* TableViewCell.swift */ = {isa = PBXFileReference; lastKnownFileType = sourcecode.swift; path = TableViewCell.swift; sourceTree = "<group>"; };
		7783115B2853D3EC0016EE99 /* TableViewCell.xib */ = {isa = PBXFileReference; lastKnownFileType = file.xib; path = TableViewCell.xib; sourceTree = "<group>"; };
		7783115F2853D5180016EE99 /* DocumentsViewController.swift */ = {isa = PBXFileReference; lastKnownFileType = sourcecode.swift; path = DocumentsViewController.swift; sourceTree = "<group>"; };
		778311622853D6570016EE99 /* DocumentsData.swift */ = {isa = PBXFileReference; lastKnownFileType = sourcecode.swift; path = DocumentsData.swift; sourceTree = "<group>"; };
		778311642853DA140016EE99 /* DocumentsModel.swift */ = {isa = PBXFileReference; lastKnownFileType = sourcecode.swift; path = DocumentsModel.swift; sourceTree = "<group>"; };
		778311662853DC620016EE99 /* DocumentsManager.swift */ = {isa = PBXFileReference; lastKnownFileType = sourcecode.swift; path = DocumentsManager.swift; sourceTree = "<group>"; };
		778311682853E9380016EE99 /* CreatePoistionViewController.swift */ = {isa = PBXFileReference; lastKnownFileType = sourcecode.swift; path = CreatePoistionViewController.swift; sourceTree = "<group>"; };
		7783116A2853FCAE0016EE99 /* SpecificDocumentViewController.swift */ = {isa = PBXFileReference; lastKnownFileType = sourcecode.swift; path = SpecificDocumentViewController.swift; sourceTree = "<group>"; };
		7783116C285400AA0016EE99 /* CreateGroupViewController.swift */ = {isa = PBXFileReference; lastKnownFileType = sourcecode.swift; path = CreateGroupViewController.swift; sourceTree = "<group>"; };
		7783116E285406AD0016EE99 /* SpecificPositionViewController.swift */ = {isa = PBXFileReference; lastKnownFileType = sourcecode.swift; path = SpecificPositionViewController.swift; sourceTree = "<group>"; };
		778DC4D2285BCD8B00B8EF7B /* SpecificTreatmentViewController.swift */ = {isa = PBXFileReference; lastKnownFileType = sourcecode.swift; path = SpecificTreatmentViewController.swift; sourceTree = "<group>"; };
		778DC4D5285BE38A00B8EF7B /* ProfileViewController.swift */ = {isa = PBXFileReference; lastKnownFileType = sourcecode.swift; path = ProfileViewController.swift; sourceTree = "<group>"; };
		778DC4D8285BE63900B8EF7B /* ProfileManager.swift */ = {isa = PBXFileReference; lastKnownFileType = sourcecode.swift; path = ProfileManager.swift; sourceTree = "<group>"; };
		778DC4DA285BE71100B8EF7B /* ProfileData.swift */ = {isa = PBXFileReference; lastKnownFileType = sourcecode.swift; path = ProfileData.swift; sourceTree = "<group>"; };
		77BED9262854228800482EA9 /* PatientViewController.swift */ = {isa = PBXFileReference; lastKnownFileType = sourcecode.swift; path = PatientViewController.swift; sourceTree = "<group>"; };
		77BED929285422EC00482EA9 /* PatientData.swift */ = {isa = PBXFileReference; lastKnownFileType = sourcecode.swift; path = PatientData.swift; sourceTree = "<group>"; };
		77BED92B2854236500482EA9 /* PatientModel.swift */ = {isa = PBXFileReference; lastKnownFileType = sourcecode.swift; path = PatientModel.swift; sourceTree = "<group>"; };
		77BED92D2854237D00482EA9 /* PatientManager.swift */ = {isa = PBXFileReference; lastKnownFileType = sourcecode.swift; path = PatientManager.swift; sourceTree = "<group>"; };
		77C0FFE62857FA08009FFDF3 /* CreatePatientViewController.swift */ = {isa = PBXFileReference; lastKnownFileType = sourcecode.swift; path = CreatePatientViewController.swift; sourceTree = "<group>"; };
		77C929DE2821C06700A44BBD /* ois-ios.app */ = {isa = PBXFileReference; explicitFileType = wrapper.application; includeInIndex = 0; path = "ois-ios.app"; sourceTree = BUILT_PRODUCTS_DIR; };
		77C929E12821C06700A44BBD /* AppDelegate.swift */ = {isa = PBXFileReference; lastKnownFileType = sourcecode.swift; path = AppDelegate.swift; sourceTree = "<group>"; };
		77C929E32821C06700A44BBD /* SceneDelegate.swift */ = {isa = PBXFileReference; lastKnownFileType = sourcecode.swift; path = SceneDelegate.swift; sourceTree = "<group>"; };
		77C929E52821C06700A44BBD /* LoginViewController.swift */ = {isa = PBXFileReference; lastKnownFileType = sourcecode.swift; path = LoginViewController.swift; sourceTree = "<group>"; };
		77C929EB2821C06700A44BBD /* ois_ios.xcdatamodel */ = {isa = PBXFileReference; lastKnownFileType = wrapper.xcdatamodel; path = ois_ios.xcdatamodel; sourceTree = "<group>"; };
		77C929ED2821C06900A44BBD /* Assets.xcassets */ = {isa = PBXFileReference; lastKnownFileType = folder.assetcatalog; path = Assets.xcassets; sourceTree = "<group>"; };
		77C929F02821C06900A44BBD /* Base */ = {isa = PBXFileReference; lastKnownFileType = file.storyboard; name = Base; path = Base.lproj/LaunchScreen.storyboard; sourceTree = "<group>"; };
		77C929F22821C06900A44BBD /* Info.plist */ = {isa = PBXFileReference; lastKnownFileType = text.plist.xml; path = Info.plist; sourceTree = "<group>"; };
		77C929F82821C29300A44BBD /* Main.storyboard */ = {isa = PBXFileReference; fileEncoding = 4; lastKnownFileType = file.storyboard; path = Main.storyboard; sourceTree = "<group>"; };
		77C929FD2821C51500A44BBD /* LoginManager.swift */ = {isa = PBXFileReference; lastKnownFileType = sourcecode.swift; path = LoginManager.swift; sourceTree = "<group>"; };
		77C929FF2821C54C00A44BBD /* LoginData.swift */ = {isa = PBXFileReference; lastKnownFileType = sourcecode.swift; path = LoginData.swift; sourceTree = "<group>"; };
		77C92A012821C57E00A44BBD /* LoginModel.swift */ = {isa = PBXFileReference; lastKnownFileType = sourcecode.swift; path = LoginModel.swift; sourceTree = "<group>"; };
		77C92A032821CA7600A44BBD /* JwtDecoder.swift */ = {isa = PBXFileReference; fileEncoding = 4; lastKnownFileType = sourcecode.swift; path = JwtDecoder.swift; sourceTree = "<group>"; };
		77C92A052821CFBD00A44BBD /* RestoreAccessViewController.swift */ = {isa = PBXFileReference; lastKnownFileType = sourcecode.swift; path = RestoreAccessViewController.swift; sourceTree = "<group>"; };
		77C92A082822795100A44BBD /* MainScreen.swift */ = {isa = PBXFileReference; lastKnownFileType = sourcecode.swift; path = MainScreen.swift; sourceTree = "<group>"; };
		77C92A0A2822799A00A44BBD /* Item.swift */ = {isa = PBXFileReference; lastKnownFileType = sourcecode.swift; path = Item.swift; sourceTree = "<group>"; };
		77DAE164284005FC005EE714 /* ListViewController.swift */ = {isa = PBXFileReference; lastKnownFileType = sourcecode.swift; path = ListViewController.swift; sourceTree = "<group>"; };
		77E471B62857FFE8009093AF /* SpecificPatientViewController.swift */ = {isa = PBXFileReference; lastKnownFileType = sourcecode.swift; path = SpecificPatientViewController.swift; sourceTree = "<group>"; };
		9966ABA9D335BA587B1A3E36 /* Pods-ois-ios.release.xcconfig */ = {isa = PBXFileReference; includeInIndex = 1; lastKnownFileType = text.xcconfig; name = "Pods-ois-ios.release.xcconfig"; path = "Target Support Files/Pods-ois-ios/Pods-ois-ios.release.xcconfig"; sourceTree = "<group>"; };
/* End PBXFileReference section */

/* Begin PBXFrameworksBuildPhase section */
		77C929DB2821C06700A44BBD /* Frameworks */ = {
			isa = PBXFrameworksBuildPhase;
			buildActionMask = 2147483647;
			files = (
				95734464DE2DF5DFE02EF5AA /* Pods_ois_ios.framework in Frameworks */,
			);
			runOnlyForDeploymentPostprocessing = 0;
		};
/* End PBXFrameworksBuildPhase section */

/* Begin PBXGroup section */
		21FF2B15A777E6A49256B6D1 /* Frameworks */ = {
			isa = PBXGroup;
			children = (
				0B70254EE5B43BA4C3BEDA39 /* Pods_ois_ios.framework */,
			);
			name = Frameworks;
			sourceTree = "<group>";
		};
		42BDF2F4940391CB950D61CE /* Pods */ = {
			isa = PBXGroup;
			children = (
				5AC08506437C3EDC0DB22126 /* Pods-ois-ios.debug.xcconfig */,
				9966ABA9D335BA587B1A3E36 /* Pods-ois-ios.release.xcconfig */,
			);
			path = Pods;
			sourceTree = "<group>";
		};
		771F8EE7285BCA6A00908EE6 /* Treatment */ = {
			isa = PBXGroup;
			children = (
				771F8EE8285BCA7F00908EE6 /* TreatmentModel.swift */,
			);
			path = Treatment;
			sourceTree = "<group>";
		};
		7783113B2851470C0016EE99 /* Groups */ = {
			isa = PBXGroup;
			children = (
				7783113C285147240016EE99 /* GroupsData.swift */,
				7783113E285147D80016EE99 /* GroupsModel.swift */,
				77831141285148060016EE99 /* GroupsManager.swift */,
			);
			path = Groups;
			sourceTree = "<group>";
		};
		77831143285296580016EE99 /* Organization */ = {
			isa = PBXGroup;
			children = (
				77831145285297490016EE99 /* OrgsData.swift */,
				778311492852984E0016EE99 /* OrgsModel.swift */,
				7783114B285298720016EE99 /* OrgsManager.swift */,
			);
			path = Organization;
			sourceTree = "<group>";
		};
		7783114F2853C1CE0016EE99 /* Employees */ = {
			isa = PBXGroup;
			children = (
				77831171285406C00016EE99 /* Group */,
				77831170285406B00016EE99 /* Position */,
				7783114D2852A3150016EE99 /* OrgsViewController.swift */,
			);
			path = Employees;
			sourceTree = "<group>";
		};
		778311522853C2700016EE99 /* Position */ = {
			isa = PBXGroup;
			children = (
				778311532853C28E0016EE99 /* PositionData.swift */,
				778311552853C2BE0016EE99 /* PositionModel.swift */,
				778311572853CF110016EE99 /* PositionManager.swift */,
			);
			path = Position;
			sourceTree = "<group>";
		};
		778311592853D3D40016EE99 /* Cells */ = {
			isa = PBXGroup;
			children = (
				7783115A2853D3EC0016EE99 /* TableViewCell.swift */,
				7783115B2853D3EC0016EE99 /* TableViewCell.xib */,
			);
			path = Cells;
			sourceTree = "<group>";
		};
		7783115E2853D5050016EE99 /* Documents */ = {
			isa = PBXGroup;
			children = (
				7783115F2853D5180016EE99 /* DocumentsViewController.swift */,
				7783116A2853FCAE0016EE99 /* SpecificDocumentViewController.swift */,
			);
			path = Documents;
			sourceTree = "<group>";
		};
		778311612853D6480016EE99 /* Documents */ = {
			isa = PBXGroup;
			children = (
				778311622853D6570016EE99 /* DocumentsData.swift */,
				778311642853DA140016EE99 /* DocumentsModel.swift */,
				778311662853DC620016EE99 /* DocumentsManager.swift */,
			);
			path = Documents;
			sourceTree = "<group>";
		};
		77831170285406B00016EE99 /* Position */ = {
			isa = PBXGroup;
			children = (
				778311502853C2010016EE99 /* PositionsViewController.swift */,
				7783116E285406AD0016EE99 /* SpecificPositionViewController.swift */,
				778311682853E9380016EE99 /* CreatePoistionViewController.swift */,
			);
			path = Position;
			sourceTree = "<group>";
		};
		77831171285406C00016EE99 /* Group */ = {
			isa = PBXGroup;
			children = (
				77831139285145D10016EE99 /* GroupsViewController.swift */,
				7783116C285400AA0016EE99 /* CreateGroupViewController.swift */,
			);
			path = Group;
			sourceTree = "<group>";
		};
		778DC4D1285BCD7600B8EF7B /* Treatment */ = {
			isa = PBXGroup;
			children = (
				771F8EE5285BC90300908EE6 /* TreatmentViewController.swift */,
				778DC4D2285BCD8B00B8EF7B /* SpecificTreatmentViewController.swift */,
			);
			path = Treatment;
			sourceTree = "<group>";
		};
		778DC4D4285BE37C00B8EF7B /* Profile */ = {
			isa = PBXGroup;
			children = (
				778DC4D5285BE38A00B8EF7B /* ProfileViewController.swift */,
			);
			path = Profile;
			sourceTree = "<group>";
		};
		778DC4D7285BE62A00B8EF7B /* Profile */ = {
			isa = PBXGroup;
			children = (
				778DC4D8285BE63900B8EF7B /* ProfileManager.swift */,
				778DC4DA285BE71100B8EF7B /* ProfileData.swift */,
			);
			path = Profile;
			sourceTree = "<group>";
		};
		77BED928285422DE00482EA9 /* Patient */ = {
			isa = PBXGroup;
			children = (
				77BED929285422EC00482EA9 /* PatientData.swift */,
				77BED92B2854236500482EA9 /* PatientModel.swift */,
				77BED92D2854237D00482EA9 /* PatientManager.swift */,
			);
			path = Patient;
			sourceTree = "<group>";
		};
		77C0FFE52857F9E8009FFDF3 /* Patient */ = {
			isa = PBXGroup;
			children = (
				77BED9262854228800482EA9 /* PatientViewController.swift */,
				77C0FFE62857FA08009FFDF3 /* CreatePatientViewController.swift */,
				77E471B62857FFE8009093AF /* SpecificPatientViewController.swift */,
			);
			path = Patient;
			sourceTree = "<group>";
		};
		77C929D52821C06700A44BBD = {
			isa = PBXGroup;
			children = (
				77C929E02821C06700A44BBD /* ois-ios */,
				77C929DF2821C06700A44BBD /* Products */,
				42BDF2F4940391CB950D61CE /* Pods */,
				21FF2B15A777E6A49256B6D1 /* Frameworks */,
			);
			sourceTree = "<group>";
		};
		77C929DF2821C06700A44BBD /* Products */ = {
			isa = PBXGroup;
			children = (
				77C929DE2821C06700A44BBD /* ois-ios.app */,
			);
			name = Products;
			sourceTree = "<group>";
		};
		77C929E02821C06700A44BBD /* ois-ios */ = {
			isa = PBXGroup;
			children = (
				77C92A072822793900A44BBD /* View */,
				77C929FB2821C32900A44BBD /* Controller */,
				77C929FA2821C32300A44BBD /* Model */,
				77C929E12821C06700A44BBD /* AppDelegate.swift */,
				77C929E32821C06700A44BBD /* SceneDelegate.swift */,
				77C929F82821C29300A44BBD /* Main.storyboard */,
				77C929ED2821C06900A44BBD /* Assets.xcassets */,
				77C929EF2821C06900A44BBD /* LaunchScreen.storyboard */,
				77C929F22821C06900A44BBD /* Info.plist */,
				77C929EA2821C06700A44BBD /* ois_ios.xcdatamodeld */,
			);
			path = "ois-ios";
			sourceTree = "<group>";
		};
		77C929FA2821C32300A44BBD /* Model */ = {
			isa = PBXGroup;
			children = (
				778DC4D7285BE62A00B8EF7B /* Profile */,
				771F8EE7285BCA6A00908EE6 /* Treatment */,
				77BED928285422DE00482EA9 /* Patient */,
				778311612853D6480016EE99 /* Documents */,
				778311522853C2700016EE99 /* Position */,
				77831143285296580016EE99 /* Organization */,
				7783113B2851470C0016EE99 /* Groups */,
				77C929FC2821C50700A44BBD /* Login */,
			);
			path = Model;
			sourceTree = "<group>";
		};
		77C929FB2821C32900A44BBD /* Controller */ = {
			isa = PBXGroup;
			children = (
				778DC4D4285BE37C00B8EF7B /* Profile */,
				778DC4D1285BCD7600B8EF7B /* Treatment */,
				77C0FFE52857F9E8009FFDF3 /* Patient */,
				7783115E2853D5050016EE99 /* Documents */,
				7783114F2853C1CE0016EE99 /* Employees */,
				77C929E52821C06700A44BBD /* LoginViewController.swift */,
				77C92A052821CFBD00A44BBD /* RestoreAccessViewController.swift */,
				77DAE164284005FC005EE714 /* ListViewController.swift */,
			);
			path = Controller;
			sourceTree = "<group>";
		};
		77C929FC2821C50700A44BBD /* Login */ = {
			isa = PBXGroup;
			children = (
				77C92A032821CA7600A44BBD /* JwtDecoder.swift */,
				77C929FD2821C51500A44BBD /* LoginManager.swift */,
				77C929FF2821C54C00A44BBD /* LoginData.swift */,
				77C92A012821C57E00A44BBD /* LoginModel.swift */,
			);
			path = Login;
			sourceTree = "<group>";
		};
		77C92A072822793900A44BBD /* View */ = {
			isa = PBXGroup;
			children = (
				778311592853D3D40016EE99 /* Cells */,
				77C92A082822795100A44BBD /* MainScreen.swift */,
				77C92A0A2822799A00A44BBD /* Item.swift */,
			);
			path = View;
			sourceTree = "<group>";
		};
/* End PBXGroup section */

/* Begin PBXNativeTarget section */
		77C929DD2821C06700A44BBD /* ois-ios */ = {
			isa = PBXNativeTarget;
			buildConfigurationList = 77C929F52821C06900A44BBD /* Build configuration list for PBXNativeTarget "ois-ios" */;
			buildPhases = (
				EA1EDD99A068B98DAB01B671 /* [CP] Check Pods Manifest.lock */,
				77C929DA2821C06700A44BBD /* Sources */,
				77C929DB2821C06700A44BBD /* Frameworks */,
				77C929DC2821C06700A44BBD /* Resources */,
				4780D2C345CF5E9ACE9FD268 /* [CP] Embed Pods Frameworks */,
			);
			buildRules = (
			);
			dependencies = (
			);
			name = "ois-ios";
			productName = "ois-ios";
			productReference = 77C929DE2821C06700A44BBD /* ois-ios.app */;
			productType = "com.apple.product-type.application";
		};
/* End PBXNativeTarget section */

/* Begin PBXProject section */
		77C929D62821C06700A44BBD /* Project object */ = {
			isa = PBXProject;
			attributes = {
				BuildIndependentTargetsInParallel = 1;
				LastSwiftUpdateCheck = 1310;
				LastUpgradeCheck = 1310;
				TargetAttributes = {
					77C929DD2821C06700A44BBD = {
						CreatedOnToolsVersion = 13.1;
					};
				};
			};
			buildConfigurationList = 77C929D92821C06700A44BBD /* Build configuration list for PBXProject "ois-ios" */;
			compatibilityVersion = "Xcode 13.0";
			developmentRegion = en;
			hasScannedForEncodings = 0;
			knownRegions = (
				en,
				Base,
			);
			mainGroup = 77C929D52821C06700A44BBD;
			productRefGroup = 77C929DF2821C06700A44BBD /* Products */;
			projectDirPath = "";
			projectRoot = "";
			targets = (
				77C929DD2821C06700A44BBD /* ois-ios */,
			);
		};
/* End PBXProject section */

/* Begin PBXResourcesBuildPhase section */
		77C929DC2821C06700A44BBD /* Resources */ = {
			isa = PBXResourcesBuildPhase;
			buildActionMask = 2147483647;
			files = (
				77C929F12821C06900A44BBD /* LaunchScreen.storyboard in Resources */,
				7783115D2853D3EC0016EE99 /* TableViewCell.xib in Resources */,
				77C929EE2821C06900A44BBD /* Assets.xcassets in Resources */,
				77C929F92821C29300A44BBD /* Main.storyboard in Resources */,
			);
			runOnlyForDeploymentPostprocessing = 0;
		};
/* End PBXResourcesBuildPhase section */

/* Begin PBXShellScriptBuildPhase section */
		4780D2C345CF5E9ACE9FD268 /* [CP] Embed Pods Frameworks */ = {
			isa = PBXShellScriptBuildPhase;
			buildActionMask = 2147483647;
			files = (
			);
			inputFileListPaths = (
				"${PODS_ROOT}/Target Support Files/Pods-ois-ios/Pods-ois-ios-frameworks-${CONFIGURATION}-input-files.xcfilelist",
			);
			name = "[CP] Embed Pods Frameworks";
			outputFileListPaths = (
				"${PODS_ROOT}/Target Support Files/Pods-ois-ios/Pods-ois-ios-frameworks-${CONFIGURATION}-output-files.xcfilelist",
			);
			runOnlyForDeploymentPostprocessing = 0;
			shellPath = /bin/sh;
			shellScript = "\"${PODS_ROOT}/Target Support Files/Pods-ois-ios/Pods-ois-ios-frameworks.sh\"\n";
			showEnvVarsInLog = 0;
		};
		EA1EDD99A068B98DAB01B671 /* [CP] Check Pods Manifest.lock */ = {
			isa = PBXShellScriptBuildPhase;
			buildActionMask = 2147483647;
			files = (
			);
			inputFileListPaths = (
			);
			inputPaths = (
				"${PODS_PODFILE_DIR_PATH}/Podfile.lock",
				"${PODS_ROOT}/Manifest.lock",
			);
			name = "[CP] Check Pods Manifest.lock";
			outputFileListPaths = (
			);
			outputPaths = (
				"$(DERIVED_FILE_DIR)/Pods-ois-ios-checkManifestLockResult.txt",
			);
			runOnlyForDeploymentPostprocessing = 0;
			shellPath = /bin/sh;
			shellScript = "diff \"${PODS_PODFILE_DIR_PATH}/Podfile.lock\" \"${PODS_ROOT}/Manifest.lock\" > /dev/null\nif [ $? != 0 ] ; then\n    # print error to STDERR\n    echo \"error: The sandbox is not in sync with the Podfile.lock. Run 'pod install' or update your CocoaPods installation.\" >&2\n    exit 1\nfi\n# This output is used by Xcode 'outputs' to avoid re-running this script phase.\necho \"SUCCESS\" > \"${SCRIPT_OUTPUT_FILE_0}\"\n";
			showEnvVarsInLog = 0;
		};
/* End PBXShellScriptBuildPhase section */

/* Begin PBXSourcesBuildPhase section */
		77C929DA2821C06700A44BBD /* Sources */ = {
			isa = PBXSourcesBuildPhase;
			buildActionMask = 2147483647;
			files = (
				778311582853CF120016EE99 /* PositionManager.swift in Sources */,
				778311602853D5180016EE99 /* DocumentsViewController.swift in Sources */,
				77C929FE2821C51500A44BBD /* LoginManager.swift in Sources */,
				778DC4D9285BE63900B8EF7B /* ProfileManager.swift in Sources */,
				77C92A022821C57E00A44BBD /* LoginModel.swift in Sources */,
				77DAE165284005FD005EE714 /* ListViewController.swift in Sources */,
				771F8EE9285BCA7F00908EE6 /* TreatmentModel.swift in Sources */,
				7783113F285147D80016EE99 /* GroupsModel.swift in Sources */,
				77C0FFE72857FA08009FFDF3 /* CreatePatientViewController.swift in Sources */,
				77BED92E2854237D00482EA9 /* PatientManager.swift in Sources */,
				778311652853DA140016EE99 /* DocumentsModel.swift in Sources */,
				77C92A092822795100A44BBD /* MainScreen.swift in Sources */,
				7783114E2852A3160016EE99 /* OrgsViewController.swift in Sources */,
				771F8EE6285BC90300908EE6 /* TreatmentViewController.swift in Sources */,
				77C929E62821C06700A44BBD /* LoginViewController.swift in Sources */,
				7783113A285145D10016EE99 /* GroupsViewController.swift in Sources */,
				77E471B72857FFE8009093AF /* SpecificPatientViewController.swift in Sources */,
				778311542853C28E0016EE99 /* PositionData.swift in Sources */,
				77C92A062821CFBD00A44BBD /* RestoreAccessViewController.swift in Sources */,
				7783114C285298720016EE99 /* OrgsManager.swift in Sources */,
				77BED9272854228800482EA9 /* PatientViewController.swift in Sources */,
				77BED92A285422EC00482EA9 /* PatientData.swift in Sources */,
				77C929EC2821C06700A44BBD /* ois_ios.xcdatamodeld in Sources */,
				778311632853D6570016EE99 /* DocumentsData.swift in Sources */,
				77831142285148060016EE99 /* GroupsManager.swift in Sources */,
				778311512853C2010016EE99 /* PositionsViewController.swift in Sources */,
				778311562853C2BE0016EE99 /* PositionModel.swift in Sources */,
				7783114A2852984E0016EE99 /* OrgsModel.swift in Sources */,
				77C92A0B2822799A00A44BBD /* Item.swift in Sources */,
				77831146285297490016EE99 /* OrgsData.swift in Sources */,
				778311672853DC620016EE99 /* DocumentsManager.swift in Sources */,
				77C929E22821C06700A44BBD /* AppDelegate.swift in Sources */,
				7783116F285406AD0016EE99 /* SpecificPositionViewController.swift in Sources */,
				7783115C2853D3EC0016EE99 /* TableViewCell.swift in Sources */,
				778DC4D3285BCD8B00B8EF7B /* SpecificTreatmentViewController.swift in Sources */,
				7783116B2853FCAF0016EE99 /* SpecificDocumentViewController.swift in Sources */,
				7783116D285400AA0016EE99 /* CreateGroupViewController.swift in Sources */,
				778311692853E9380016EE99 /* CreatePoistionViewController.swift in Sources */,
				778DC4DB285BE71100B8EF7B /* ProfileData.swift in Sources */,
				77BED92C2854236500482EA9 /* PatientModel.swift in Sources */,
				77C929E42821C06700A44BBD /* SceneDelegate.swift in Sources */,
				7783113D285147240016EE99 /* GroupsData.swift in Sources */,
				778DC4D6285BE38A00B8EF7B /* ProfileViewController.swift in Sources */,
				77C92A042821CA7600A44BBD /* JwtDecoder.swift in Sources */,
				77C92A002821C54C00A44BBD /* LoginData.swift in Sources */,
			);
			runOnlyForDeploymentPostprocessing = 0;
		};
/* End PBXSourcesBuildPhase section */

/* Begin PBXVariantGroup section */
		77C929EF2821C06900A44BBD /* LaunchScreen.storyboard */ = {
			isa = PBXVariantGroup;
			children = (
				77C929F02821C06900A44BBD /* Base */,
			);
			name = LaunchScreen.storyboard;
			sourceTree = "<group>";
		};
/* End PBXVariantGroup section */

/* Begin XCBuildConfiguration section */
		77C929F32821C06900A44BBD /* Debug */ = {
			isa = XCBuildConfiguration;
			buildSettings = {
				ALWAYS_SEARCH_USER_PATHS = NO;
				CLANG_ANALYZER_NONNULL = YES;
				CLANG_ANALYZER_NUMBER_OBJECT_CONVERSION = YES_AGGRESSIVE;
				CLANG_CXX_LANGUAGE_STANDARD = "gnu++17";
				CLANG_CXX_LIBRARY = "libc++";
				CLANG_ENABLE_MODULES = YES;
				CLANG_ENABLE_OBJC_ARC = YES;
				CLANG_ENABLE_OBJC_WEAK = YES;
				CLANG_WARN_BLOCK_CAPTURE_AUTORELEASING = YES;
				CLANG_WARN_BOOL_CONVERSION = YES;
				CLANG_WARN_COMMA = YES;
				CLANG_WARN_CONSTANT_CONVERSION = YES;
				CLANG_WARN_DEPRECATED_OBJC_IMPLEMENTATIONS = YES;
				CLANG_WARN_DIRECT_OBJC_ISA_USAGE = YES_ERROR;
				CLANG_WARN_DOCUMENTATION_COMMENTS = YES;
				CLANG_WARN_EMPTY_BODY = YES;
				CLANG_WARN_ENUM_CONVERSION = YES;
				CLANG_WARN_INFINITE_RECURSION = YES;
				CLANG_WARN_INT_CONVERSION = YES;
				CLANG_WARN_NON_LITERAL_NULL_CONVERSION = YES;
				CLANG_WARN_OBJC_IMPLICIT_RETAIN_SELF = YES;
				CLANG_WARN_OBJC_LITERAL_CONVERSION = YES;
				CLANG_WARN_OBJC_ROOT_CLASS = YES_ERROR;
				CLANG_WARN_QUOTED_INCLUDE_IN_FRAMEWORK_HEADER = YES;
				CLANG_WARN_RANGE_LOOP_ANALYSIS = YES;
				CLANG_WARN_STRICT_PROTOTYPES = YES;
				CLANG_WARN_SUSPICIOUS_MOVE = YES;
				CLANG_WARN_UNGUARDED_AVAILABILITY = YES_AGGRESSIVE;
				CLANG_WARN_UNREACHABLE_CODE = YES;
				CLANG_WARN__DUPLICATE_METHOD_MATCH = YES;
				COPY_PHASE_STRIP = NO;
				DEBUG_INFORMATION_FORMAT = dwarf;
				ENABLE_STRICT_OBJC_MSGSEND = YES;
				ENABLE_TESTABILITY = YES;
				GCC_C_LANGUAGE_STANDARD = gnu11;
				GCC_DYNAMIC_NO_PIC = NO;
				GCC_NO_COMMON_BLOCKS = YES;
				GCC_OPTIMIZATION_LEVEL = 0;
				GCC_PREPROCESSOR_DEFINITIONS = (
					"DEBUG=1",
					"$(inherited)",
				);
				GCC_WARN_64_TO_32_BIT_CONVERSION = YES;
				GCC_WARN_ABOUT_RETURN_TYPE = YES_ERROR;
				GCC_WARN_UNDECLARED_SELECTOR = YES;
				GCC_WARN_UNINITIALIZED_AUTOS = YES_AGGRESSIVE;
				GCC_WARN_UNUSED_FUNCTION = YES;
				GCC_WARN_UNUSED_VARIABLE = YES;
				IPHONEOS_DEPLOYMENT_TARGET = 14.2;
				MTL_ENABLE_DEBUG_INFO = INCLUDE_SOURCE;
				MTL_FAST_MATH = YES;
				ONLY_ACTIVE_ARCH = YES;
				SDKROOT = iphoneos;
				SWIFT_ACTIVE_COMPILATION_CONDITIONS = DEBUG;
				SWIFT_OPTIMIZATION_LEVEL = "-Onone";
			};
			name = Debug;
		};
		77C929F42821C06900A44BBD /* Release */ = {
			isa = XCBuildConfiguration;
			buildSettings = {
				ALWAYS_SEARCH_USER_PATHS = NO;
				CLANG_ANALYZER_NONNULL = YES;
				CLANG_ANALYZER_NUMBER_OBJECT_CONVERSION = YES_AGGRESSIVE;
				CLANG_CXX_LANGUAGE_STANDARD = "gnu++17";
				CLANG_CXX_LIBRARY = "libc++";
				CLANG_ENABLE_MODULES = YES;
				CLANG_ENABLE_OBJC_ARC = YES;
				CLANG_ENABLE_OBJC_WEAK = YES;
				CLANG_WARN_BLOCK_CAPTURE_AUTORELEASING = YES;
				CLANG_WARN_BOOL_CONVERSION = YES;
				CLANG_WARN_COMMA = YES;
				CLANG_WARN_CONSTANT_CONVERSION = YES;
				CLANG_WARN_DEPRECATED_OBJC_IMPLEMENTATIONS = YES;
				CLANG_WARN_DIRECT_OBJC_ISA_USAGE = YES_ERROR;
				CLANG_WARN_DOCUMENTATION_COMMENTS = YES;
				CLANG_WARN_EMPTY_BODY = YES;
				CLANG_WARN_ENUM_CONVERSION = YES;
				CLANG_WARN_INFINITE_RECURSION = YES;
				CLANG_WARN_INT_CONVERSION = YES;
				CLANG_WARN_NON_LITERAL_NULL_CONVERSION = YES;
				CLANG_WARN_OBJC_IMPLICIT_RETAIN_SELF = YES;
				CLANG_WARN_OBJC_LITERAL_CONVERSION = YES;
				CLANG_WARN_OBJC_ROOT_CLASS = YES_ERROR;
				CLANG_WARN_QUOTED_INCLUDE_IN_FRAMEWORK_HEADER = YES;
				CLANG_WARN_RANGE_LOOP_ANALYSIS = YES;
				CLANG_WARN_STRICT_PROTOTYPES = YES;
				CLANG_WARN_SUSPICIOUS_MOVE = YES;
				CLANG_WARN_UNGUARDED_AVAILABILITY = YES_AGGRESSIVE;
				CLANG_WARN_UNREACHABLE_CODE = YES;
				CLANG_WARN__DUPLICATE_METHOD_MATCH = YES;
				COPY_PHASE_STRIP = NO;
				DEBUG_INFORMATION_FORMAT = "dwarf-with-dsym";
				ENABLE_NS_ASSERTIONS = NO;
				ENABLE_STRICT_OBJC_MSGSEND = YES;
				GCC_C_LANGUAGE_STANDARD = gnu11;
				GCC_NO_COMMON_BLOCKS = YES;
				GCC_WARN_64_TO_32_BIT_CONVERSION = YES;
				GCC_WARN_ABOUT_RETURN_TYPE = YES_ERROR;
				GCC_WARN_UNDECLARED_SELECTOR = YES;
				GCC_WARN_UNINITIALIZED_AUTOS = YES_AGGRESSIVE;
				GCC_WARN_UNUSED_FUNCTION = YES;
				GCC_WARN_UNUSED_VARIABLE = YES;
				IPHONEOS_DEPLOYMENT_TARGET = 14.2;
				MTL_ENABLE_DEBUG_INFO = NO;
				MTL_FAST_MATH = YES;
				SDKROOT = iphoneos;
				SWIFT_COMPILATION_MODE = wholemodule;
				SWIFT_OPTIMIZATION_LEVEL = "-O";
				VALIDATE_PRODUCT = YES;
			};
			name = Release;
		};
		77C929F62821C06900A44BBD /* Debug */ = {
			isa = XCBuildConfiguration;
			baseConfigurationReference = 5AC08506437C3EDC0DB22126 /* Pods-ois-ios.debug.xcconfig */;
			buildSettings = {
				ASSETCATALOG_COMPILER_APPICON_NAME = AppIcon;
				ASSETCATALOG_COMPILER_GLOBAL_ACCENT_COLOR_NAME = AccentColor;
				CODE_SIGN_STYLE = Automatic;
				CURRENT_PROJECT_VERSION = 1;
				DEVELOPMENT_TEAM = VQV4P8JBA8;
				GENERATE_INFOPLIST_FILE = YES;
				INFOPLIST_FILE = "ois-ios/Info.plist";
				INFOPLIST_KEY_UIApplicationSupportsIndirectInputEvents = YES;
				INFOPLIST_KEY_UILaunchStoryboardName = LaunchScreen;
				INFOPLIST_KEY_UIMainStoryboardFile = Main;
				INFOPLIST_KEY_UISupportedInterfaceOrientations = UIInterfaceOrientationPortrait;
				INFOPLIST_KEY_UISupportedInterfaceOrientations_iPad = "UIInterfaceOrientationPortrait UIInterfaceOrientationPortraitUpsideDown UIInterfaceOrientationLandscapeLeft UIInterfaceOrientationLandscapeRight";
				INFOPLIST_KEY_UISupportedInterfaceOrientations_iPhone = "UIInterfaceOrientationPortrait UIInterfaceOrientationLandscapeLeft UIInterfaceOrientationLandscapeRight";
				LD_RUNPATH_SEARCH_PATHS = (
					"$(inherited)",
					"@executable_path/Frameworks",
				);
				MARKETING_VERSION = 1.0;
				PRODUCT_BUNDLE_IDENTIFIER = "kz.ois.ois-ios";
				PRODUCT_NAME = "$(TARGET_NAME)";
				SWIFT_EMIT_LOC_STRINGS = YES;
				SWIFT_VERSION = 5.0;
				TARGETED_DEVICE_FAMILY = "1,2";
			};
			name = Debug;
		};
		77C929F72821C06900A44BBD /* Release */ = {
			isa = XCBuildConfiguration;
			baseConfigurationReference = 9966ABA9D335BA587B1A3E36 /* Pods-ois-ios.release.xcconfig */;
			buildSettings = {
				ASSETCATALOG_COMPILER_APPICON_NAME = AppIcon;
				ASSETCATALOG_COMPILER_GLOBAL_ACCENT_COLOR_NAME = AccentColor;
				CODE_SIGN_STYLE = Automatic;
				CURRENT_PROJECT_VERSION = 1;
				DEVELOPMENT_TEAM = VQV4P8JBA8;
				GENERATE_INFOPLIST_FILE = YES;
				INFOPLIST_FILE = "ois-ios/Info.plist";
				INFOPLIST_KEY_UIApplicationSupportsIndirectInputEvents = YES;
				INFOPLIST_KEY_UILaunchStoryboardName = LaunchScreen;
				INFOPLIST_KEY_UIMainStoryboardFile = Main;
				INFOPLIST_KEY_UISupportedInterfaceOrientations = UIInterfaceOrientationPortrait;
				INFOPLIST_KEY_UISupportedInterfaceOrientations_iPad = "UIInterfaceOrientationPortrait UIInterfaceOrientationPortraitUpsideDown UIInterfaceOrientationLandscapeLeft UIInterfaceOrientationLandscapeRight";
				INFOPLIST_KEY_UISupportedInterfaceOrientations_iPhone = "UIInterfaceOrientationPortrait UIInterfaceOrientationLandscapeLeft UIInterfaceOrientationLandscapeRight";
				LD_RUNPATH_SEARCH_PATHS = (
					"$(inherited)",
					"@executable_path/Frameworks",
				);
				MARKETING_VERSION = 1.0;
				PRODUCT_BUNDLE_IDENTIFIER = "kz.ois.ois-ios";
				PRODUCT_NAME = "$(TARGET_NAME)";
				SWIFT_EMIT_LOC_STRINGS = YES;
				SWIFT_VERSION = 5.0;
				TARGETED_DEVICE_FAMILY = "1,2";
			};
			name = Release;
		};
/* End XCBuildConfiguration section */

/* Begin XCConfigurationList section */
		77C929D92821C06700A44BBD /* Build configuration list for PBXProject "ois-ios" */ = {
			isa = XCConfigurationList;
			buildConfigurations = (
				77C929F32821C06900A44BBD /* Debug */,
				77C929F42821C06900A44BBD /* Release */,
			);
			defaultConfigurationIsVisible = 0;
			defaultConfigurationName = Release;
		};
		77C929F52821C06900A44BBD /* Build configuration list for PBXNativeTarget "ois-ios" */ = {
			isa = XCConfigurationList;
			buildConfigurations = (
				77C929F62821C06900A44BBD /* Debug */,
				77C929F72821C06900A44BBD /* Release */,
			);
			defaultConfigurationIsVisible = 0;
			defaultConfigurationName = Release;
		};
/* End XCConfigurationList section */

/* Begin XCVersionGroup section */
		77C929EA2821C06700A44BBD /* ois_ios.xcdatamodeld */ = {
			isa = XCVersionGroup;
			children = (
				77C929EB2821C06700A44BBD /* ois_ios.xcdatamodel */,
			);
			currentVersion = 77C929EB2821C06700A44BBD /* ois_ios.xcdatamodel */;
			path = ois_ios.xcdatamodeld;
			sourceTree = "<group>";
			versionGroupType = wrapper.xcdatamodel;
		};
/* End XCVersionGroup section */
	};
	rootObject = 77C929D62821C06700A44BBD /* Project object */;
}
